<Solution>
  <Folder Name="/src/">
    <Project Path="src/AvaloniaUIKit/AvaloniaUIKit.csproj" />
    <Project Path="src/AvaloniaUIKit.ColorPicker/AvaloniaUIKit.ColorPicker.csproj" />
    <Project Path="src/AvaloniaUIKit.DataGrid/AvaloniaUIKit.DataGrid.csproj" />
  </Folder>
  <Folder Name="/samples/">
    <Project Path="samples/AvaloniaUIKit.AotSmoke/AvaloniaUIKit.AotSmoke.csproj" />
    <Project Path="samples/AvaloniaUIKit.Demos/AvaloniaUIKit.Demos.csproj" />
    <Project Path="samples/AvaloniaUIKit.Previews/AvaloniaUIKit.Previews.csproj" />
    <Project Path="samples/AvaloniaUIKit.Browser/AvaloniaUIKit.Browser.csproj" />
  </Folder>
  <Folder Name="/tests/">
    <Project Path="tests/AvaloniaUIKit.Tests/AvaloniaUIKit.Tests.csproj" />
  </Folder>
</Solution>
